
Microsoft Visual Studio Solution File, Format Version 12.00
# Visual Studio Version 17
VisualStudioVersion = 17.11.35327.3
MinimumVisualStudioVersion = 10.0.40219.1
Project("{FAE04EC0-301F-11D3-BF4B-00C04F79EFBC}") = "Nhom6_QuanLyThuVien", "Nhom6_QuanLyThuVien\Nhom6_QuanLyThuVien.csproj", "{B5DAC71F-9F58-422F-8DB2-CADF650F405C}"
EndProject
Global
	GlobalSection(SolutionConfigurationPlatforms) = preSolution
		Debug|Any CPU = Debug|Any CPU
		Release|Any CPU = Release|Any CPU
	EndGlobalSection
	GlobalSection(ProjectConfigurationPlatforms) = postSolution
		{B5DAC71F-9F58-422F-8DB2-CADF650F405C}.Debug|Any CPU.ActiveCfg = Debug|Any CPU
		{B5DAC71F-9F58-422F-8DB2-CADF650F405C}.Debug|Any CPU.Build.0 = Debug|Any CPU
		{B5DAC71F-9F58-422F-8DB2-CADF650F405C}.Release|Any CPU.ActiveCfg = Release|Any CPU
		{B5DAC71F-9F58-422F-8DB2-CADF650F405C}.Release|Any CPU.Build.0 = Release|Any CPU
	EndGlobalSection
	GlobalSection(SolutionProperties) = preSolution
		HideSolutionNode = FALSE
	EndGlobalSection
	GlobalSection(ExtensibilityGlobals) = postSolution
		SolutionGuid = {9624A912-D2C4-4720-A0DB-7AF199102FC8}
	EndGlobalSection
EndGlobal
